
Microsoft Visual Studio Solution File, Format Version 12.00
Project("{FAE04EC0-301F-11D3-BF4B-00C04F79EFBC}") = "K2_2", "K2_2\K2_2.csproj", "{EA34F636-E8AE-454A-AC4E-2B3552153FEC}"
EndProject
Global
	GlobalSection(SolutionConfigurationPlatforms) = preSolution
		Debug|Any CPU = Debug|Any CPU
		Release|Any CPU = Release|Any CPU
	EndGlobalSection
	GlobalSection(ProjectConfigurationPlatforms) = postSolution
		{EA34F636-E8AE-454A-AC4E-2B3552153FEC}.Debug|Any CPU.ActiveCfg = Debug|Any CPU
		{EA34F636-E8AE-454A-AC4E-2B3552153FEC}.Debug|Any CPU.Build.0 = Debug|Any CPU
		{EA34F636-E8AE-454A-AC4E-2B3552153FEC}.Release|Any CPU.ActiveCfg = Release|Any CPU
		{EA34F636-E8AE-454A-AC4E-2B3552153FEC}.Release|Any CPU.Build.0 = Release|Any CPU
	EndGlobalSection
EndGlobal
